
Microsoft Visual Studio Solution File, Format Version 11.00
# Visual Studio 2010
Project("{F184B08F-C81C-45F6-A57F-5ABD9991F28F}") = "cake1", "cake1\cake1.vbproj", "{B2DBC6E8-7988-4727-97F6-5E3A8F0F3679}"
EndProject
Global
	GlobalSection(SolutionConfigurationPlatforms) = preSolution
		Debug|x86 = Debug|x86
		Release|x86 = Release|x86
	EndGlobalSection
	GlobalSection(ProjectConfigurationPlatforms) = postSolution
		{B2DBC6E8-7988-4727-97F6-5E3A8F0F3679}.Debug|x86.ActiveCfg = Debug|x86
		{B2DBC6E8-7988-4727-97F6-5E3A8F0F3679}.Debug|x86.Build.0 = Debug|x86
		{B2DBC6E8-7988-4727-97F6-5E3A8F0F3679}.Release|x86.ActiveCfg = Release|x86
		{B2DBC6E8-7988-4727-97F6-5E3A8F0F3679}.Release|x86.Build.0 = Release|x86
	EndGlobalSection
	GlobalSection(SolutionProperties) = preSolution
		HideSolutionNode = FALSE
	EndGlobalSection
EndGlobal
